// !$*UTF8*$!
{
	archiveVersion = 1;
	classes = {
	};
	objectVersion = 46;
	objects = {

/* Begin PBXBuildFile section */
		6B56B5611A2E605A00E4C59B /* Item.swift in Sources */ = {isa = PBXBuildFile; fileRef = 6B56B5601A2E605A00E4C59B /* Item.swift */; };
		6B8A40C61A2C450400413BA5 /* AppDelegate.swift in Sources */ = {isa = PBXBuildFile; fileRef = 6B8A40C51A2C450400413BA5 /* AppDelegate.swift */; };
		6B8A40C91A2C450400413BA5 /* Owee.xcdatamodeld in Sources */ = {isa = PBXBuildFile; fileRef = 6B8A40C71A2C450400413BA5 /* Owee.xcdatamodeld */; };
		6B8A40CE1A2C450400413BA5 /* Main.storyboard in Resources */ = {isa = PBXBuildFile; fileRef = 6B8A40CC1A2C450400413BA5 /* Main.storyboard */; };
		6B8A40D01A2C450400413BA5 /* Images.xcassets in Resources */ = {isa = PBXBuildFile; fileRef = 6B8A40CF1A2C450400413BA5 /* Images.xcassets */; };
		6B8A40D31A2C450400413BA5 /* LaunchScreen.xib in Resources */ = {isa = PBXBuildFile; fileRef = 6B8A40D11A2C450400413BA5 /* LaunchScreen.xib */; };
		6B8A40DF1A2C450400413BA5 /* OweeTests.swift in Sources */ = {isa = PBXBuildFile; fileRef = 6B8A40DE1A2C450400413BA5 /* OweeTests.swift */; };
		6B8A40E91A2C478A00413BA5 /* TableViewController.swift in Sources */ = {isa = PBXBuildFile; fileRef = 6B8A40E81A2C478A00413BA5 /* TableViewController.swift */; };
		6B8A40EB1A2C480200413BA5 /* TableViewCell.swift in Sources */ = {isa = PBXBuildFile; fileRef = 6B8A40EA1A2C480200413BA5 /* TableViewCell.swift */; };
		6BC47C061A2E520200E20284 /* Ower.swift in Sources */ = {isa = PBXBuildFile; fileRef = 6BC47C051A2E520200E20284 /* Ower.swift */; };
/* End PBXBuildFile section */

/* Begin PBXContainerItemProxy section */
		6B8A40D91A2C450400413BA5 /* PBXContainerItemProxy */ = {
			isa = PBXContainerItemProxy;
			containerPortal = 6B8A40B81A2C450400413BA5 /* Project object */;
			proxyType = 1;
			remoteGlobalIDString = 6B8A40BF1A2C450400413BA5;
			remoteInfo = Owee;
		};
/* End PBXContainerItemProxy section */

/* Begin PBXFileReference section */
		6B56B5601A2E605A00E4C59B /* Item.swift */ = {isa = PBXFileReference; fileEncoding = 4; lastKnownFileType = sourcecode.swift; path = Item.swift; sourceTree = "<group>"; };
		6B8A40C01A2C450400413BA5 /* Owee.app */ = {isa = PBXFileReference; explicitFileType = wrapper.application; includeInIndex = 0; path = Owee.app; sourceTree = BUILT_PRODUCTS_DIR; };
		6B8A40C41A2C450400413BA5 /* Info.plist */ = {isa = PBXFileReference; lastKnownFileType = text.plist.xml; path = Info.plist; sourceTree = "<group>"; };
		6B8A40C51A2C450400413BA5 /* AppDelegate.swift */ = {isa = PBXFileReference; lastKnownFileType = sourcecode.swift; path = AppDelegate.swift; sourceTree = "<group>"; };
		6B8A40C81A2C450400413BA5 /* Owee.xcdatamodel */ = {isa = PBXFileReference; lastKnownFileType = wrapper.xcdatamodel; path = Owee.xcdatamodel; sourceTree = "<group>"; };
		6B8A40CD1A2C450400413BA5 /* Base */ = {isa = PBXFileReference; lastKnownFileType = file.storyboard; name = Base; path = Base.lproj/Main.storyboard; sourceTree = "<group>"; };
		6B8A40CF1A2C450400413BA5 /* Images.xcassets */ = {isa = PBXFileReference; lastKnownFileType = folder.assetcatalog; path = Images.xcassets; sourceTree = "<group>"; };
		6B8A40D21A2C450400413BA5 /* Base */ = {isa = PBXFileReference; lastKnownFileType = file.xib; name = Base; path = Base.lproj/LaunchScreen.xib; sourceTree = "<group>"; };
		6B8A40D81A2C450400413BA5 /* OweeTests.xctest */ = {isa = PBXFileReference; explicitFileType = wrapper.cfbundle; includeInIndex = 0; path = OweeTests.xctest; sourceTree = BUILT_PRODUCTS_DIR; };
		6B8A40DD1A2C450400413BA5 /* Info.plist */ = {isa = PBXFileReference; lastKnownFileType = text.plist.xml; path = Info.plist; sourceTree = "<group>"; };
		6B8A40DE1A2C450400413BA5 /* OweeTests.swift */ = {isa = PBXFileReference; lastKnownFileType = sourcecode.swift; path = OweeTests.swift; sourceTree = "<group>"; };
		6B8A40E81A2C478A00413BA5 /* TableViewController.swift */ = {isa = PBXFileReference; fileEncoding = 4; lastKnownFileType = sourcecode.swift; path = TableViewController.swift; sourceTree = "<group>"; };
		6B8A40EA1A2C480200413BA5 /* TableViewCell.swift */ = {isa = PBXFileReference; fileEncoding = 4; lastKnownFileType = sourcecode.swift; path = TableViewCell.swift; sourceTree = "<group>"; };
		6BC47C051A2E520200E20284 /* Ower.swift */ = {isa = PBXFileReference; fileEncoding = 4; lastKnownFileType = sourcecode.swift; name = Ower.swift; path = ../Ower.swift; sourceTree = "<group>"; };
/* End PBXFileReference section */

/* Begin PBXFrameworksBuildPhase section */
		6B8A40BD1A2C450400413BA5 /* Frameworks */ = {
			isa = PBXFrameworksBuildPhase;
			buildActionMask = 2147483647;
			files = (
			);
			runOnlyForDeploymentPostprocessing = 0;
		};
		6B8A40D51A2C450400413BA5 /* Frameworks */ = {
			isa = PBXFrameworksBuildPhase;
			buildActionMask = 2147483647;
			files = (
			);
			runOnlyForDeploymentPostprocessing = 0;
		};
/* End PBXFrameworksBuildPhase section */

/* Begin PBXGroup section */
		6B8A40B71A2C450400413BA5 = {
			isa = PBXGroup;
			children = (
				6B8A40C21A2C450400413BA5 /* Owee */,
				6B8A40DB1A2C450400413BA5 /* OweeTests */,
				6B8A40C11A2C450400413BA5 /* Products */,
			);
			sourceTree = "<group>";
		};
		6B8A40C11A2C450400413BA5 /* Products */ = {
			isa = PBXGroup;
			children = (
				6B8A40C01A2C450400413BA5 /* Owee.app */,
				6B8A40D81A2C450400413BA5 /* OweeTests.xctest */,
			);
			name = Products;
			sourceTree = "<group>";
		};
		6B8A40C21A2C450400413BA5 /* Owee */ = {
			isa = PBXGroup;
			children = (
				6BC47C051A2E520200E20284 /* Ower.swift */,
				6B56B5601A2E605A00E4C59B /* Item.swift */,
				6B8A40C51A2C450400413BA5 /* AppDelegate.swift */,
				6B8A40E81A2C478A00413BA5 /* TableViewController.swift */,
				6B8A40CC1A2C450400413BA5 /* Main.storyboard */,
				6B8A40EA1A2C480200413BA5 /* TableViewCell.swift */,
				6B8A40CF1A2C450400413BA5 /* Images.xcassets */,
				6B8A40D11A2C450400413BA5 /* LaunchScreen.xib */,
				6B8A40C71A2C450400413BA5 /* Owee.xcdatamodeld */,
				6B8A40C31A2C450400413BA5 /* Supporting Files */,
			);
			path = Owee;
			sourceTree = "<group>";
		};
		6B8A40C31A2C450400413BA5 /* Supporting Files */ = {
			isa = PBXGroup;
			children = (
				6B8A40C41A2C450400413BA5 /* Info.plist */,
			);
			name = "Supporting Files";
			sourceTree = "<group>";
		};
		6B8A40DB1A2C450400413BA5 /* OweeTests */ = {
			isa = PBXGroup;
			children = (
				6B8A40DE1A2C450400413BA5 /* OweeTests.swift */,
				6B8A40DC1A2C450400413BA5 /* Supporting Files */,
			);
			path = OweeTests;
			sourceTree = "<group>";
		};
		6B8A40DC1A2C450400413BA5 /* Supporting Files */ = {
			isa = PBXGroup;
			children = (
				6B8A40DD1A2C450400413BA5 /* Info.plist */,
			);
			name = "Supporting Files";
			sourceTree = "<group>";
		};
/* End PBXGroup section */

/* Begin PBXNativeTarget section */
		6B8A40BF1A2C450400413BA5 /* Owee */ = {
			isa = PBXNativeTarget;
			buildConfigurationList = 6B8A40E21A2C450400413BA5 /* Build configuration list for PBXNativeTarget "Owee" */;
			buildPhases = (
				6B8A40BC1A2C450400413BA5 /* Sources */,
				6B8A40BD1A2C450400413BA5 /* Frameworks */,
				6B8A40BE1A2C450400413BA5 /* Resources */,
			);
			buildRules = (
			);
			dependencies = (
			);
			name = Owee;
			productName = Owee;
			productReference = 6B8A40C01A2C450400413BA5 /* Owee.app */;
			productType = "com.apple.product-type.application";
		};
		6B8A40D71A2C450400413BA5 /* OweeTests */ = {
			isa = PBXNativeTarget;
			buildConfigurationList = 6B8A40E51A2C450400413BA5 /* Build configuration list for PBXNativeTarget "OweeTests" */;
			buildPhases = (
				6B8A40D41A2C450400413BA5 /* Sources */,
				6B8A40D51A2C450400413BA5 /* Frameworks */,
				6B8A40D61A2C450400413BA5 /* Resources */,
			);
			buildRules = (
			);
			dependencies = (
				6B8A40DA1A2C450400413BA5 /* PBXTargetDependency */,
			);
			name = OweeTests;
			productName = OweeTests;
			productReference = 6B8A40D81A2C450400413BA5 /* OweeTests.xctest */;
			productType = "com.apple.product-type.bundle.unit-test";
		};
/* End PBXNativeTarget section */

/* Begin PBXProject section */
		6B8A40B81A2C450400413BA5 /* Project object */ = {
			isa = PBXProject;
			attributes = {
				LastUpgradeCheck = 0610;
				ORGANIZATIONNAME = StelarTechnology;
				TargetAttributes = {
					6B8A40BF1A2C450400413BA5 = {
						CreatedOnToolsVersion = 6.1;
					};
					6B8A40D71A2C450400413BA5 = {
						CreatedOnToolsVersion = 6.1;
						TestTargetID = 6B8A40BF1A2C450400413BA5;
					};
				};
			};
			buildConfigurationList = 6B8A40BB1A2C450400413BA5 /* Build configuration list for PBXProject "Owee" */;
			compatibilityVersion = "Xcode 3.2";
			developmentRegion = English;
			hasScannedForEncodings = 0;
			knownRegions = (
				en,
				Base,
			);
			mainGroup = 6B8A40B71A2C450400413BA5;
			productRefGroup = 6B8A40C11A2C450400413BA5 /* Products */;
			projectDirPath = "";
			projectRoot = "";
			targets = (
				6B8A40BF1A2C450400413BA5 /* Owee */,
				6B8A40D71A2C450400413BA5 /* OweeTests */,
			);
		};
/* End PBXProject section */

/* Begin PBXResourcesBuildPhase section */
		6B8A40BE1A2C450400413BA5 /* Resources */ = {
			isa = PBXResourcesBuildPhase;
			buildActionMask = 2147483647;
			files = (
				6B8A40CE1A2C450400413BA5 /* Main.storyboard in Resources */,
				6B8A40D31A2C450400413BA5 /* LaunchScreen.xib in Resources */,
				6B8A40D01A2C450400413BA5 /* Images.xcassets in Resources */,
			);
			runOnlyForDeploymentPostprocessing = 0;
		};
		6B8A40D61A2C450400413BA5 /* Resources */ = {
			isa = PBXResourcesBuildPhase;
			buildActionMask = 2147483647;
			files = (
			);
			runOnlyForDeploymentPostprocessing = 0;
		};
/* End PBXResourcesBuildPhase section */

/* Begin PBXSourcesBuildPhase section */
		6B8A40BC1A2C450400413BA5 /* Sources */ = {
			isa = PBXSourcesBuildPhase;
			buildActionMask = 2147483647;
			files = (
				6B8A40EB1A2C480200413BA5 /* TableViewCell.swift in Sources */,
				6B8A40C61A2C450400413BA5 /* AppDelegate.swift in Sources */,
				6B8A40C91A2C450400413BA5 /* Owee.xcdatamodeld in Sources */,
				6BC47C061A2E520200E20284 /* Ower.swift in Sources */,
				6B56B5611A2E605A00E4C59B /* Item.swift in Sources */,
				6B8A40E91A2C478A00413BA5 /* TableViewController.swift in Sources */,
			);
			runOnlyForDeploymentPostprocessing = 0;
		};
		6B8A40D41A2C450400413BA5 /* Sources */ = {
			isa = PBXSourcesBuildPhase;
			buildActionMask = 2147483647;
			files = (
				6B8A40DF1A2C450400413BA5 /* OweeTests.swift in Sources */,
			);
			runOnlyForDeploymentPostprocessing = 0;
		};
/* End PBXSourcesBuildPhase section */

/* Begin PBXTargetDependency section */
		6B8A40DA1A2C450400413BA5 /* PBXTargetDependency */ = {
			isa = PBXTargetDependency;
			target = 6B8A40BF1A2C450400413BA5 /* Owee */;
			targetProxy = 6B8A40D91A2C450400413BA5 /* PBXContainerItemProxy */;
		};
/* End PBXTargetDependency section */

/* Begin PBXVariantGroup section */
		6B8A40CC1A2C450400413BA5 /* Main.storyboard */ = {
			isa = PBXVariantGroup;
			children = (
				6B8A40CD1A2C450400413BA5 /* Base */,
			);
			name = Main.storyboard;
			sourceTree = "<group>";
		};
		6B8A40D11A2C450400413BA5 /* LaunchScreen.xib */ = {
			isa = PBXVariantGroup;
			children = (
				6B8A40D21A2C450400413BA5 /* Base */,
			);
			name = LaunchScreen.xib;
			sourceTree = "<group>";
		};
/* End PBXVariantGroup section */

/* Begin XCBuildConfiguration section */
		6B8A40E01A2C450400413BA5 /* Debug */ = {
			isa = XCBuildConfiguration;
			buildSettings = {
				ALWAYS_SEARCH_USER_PATHS = NO;
				CLANG_CXX_LANGUAGE_STANDARD = "gnu++0x";
				CLANG_CXX_LIBRARY = "libc++";
				CLANG_ENABLE_MODULES = YES;
				CLANG_ENABLE_OBJC_ARC = YES;
				CLANG_WARN_BOOL_CONVERSION = YES;
				CLANG_WARN_CONSTANT_CONVERSION = YES;
				CLANG_WARN_DIRECT_OBJC_ISA_USAGE = YES_ERROR;
				CLANG_WARN_EMPTY_BODY = YES;
				CLANG_WARN_ENUM_CONVERSION = YES;
				CLANG_WARN_INT_CONVERSION = YES;
				CLANG_WARN_OBJC_ROOT_CLASS = YES_ERROR;
				CLANG_WARN_UNREACHABLE_CODE = YES;
				CLANG_WARN__DUPLICATE_METHOD_MATCH = YES;
				"CODE_SIGN_IDENTITY[sdk=iphoneos*]" = "iPhone Developer";
				COPY_PHASE_STRIP = NO;
				ENABLE_STRICT_OBJC_MSGSEND = YES;
				GCC_C_LANGUAGE_STANDARD = gnu99;
				GCC_DYNAMIC_NO_PIC = NO;
				GCC_OPTIMIZATION_LEVEL = 0;
				GCC_PREPROCESSOR_DEFINITIONS = (
					"DEBUG=1",
					"$(inherited)",
				);
				GCC_SYMBOLS_PRIVATE_EXTERN = NO;
				GCC_WARN_64_TO_32_BIT_CONVERSION = YES;
				GCC_WARN_ABOUT_RETURN_TYPE = YES_ERROR;
				GCC_WARN_UNDECLARED_SELECTOR = YES;
				GCC_WARN_UNINITIALIZED_AUTOS = YES_AGGRESSIVE;
				GCC_WARN_UNUSED_FUNCTION = YES;
				GCC_WARN_UNUSED_VARIABLE = YES;
				IPHONEOS_DEPLOYMENT_TARGET = 8.1;
				MTL_ENABLE_DEBUG_INFO = YES;
				ONLY_ACTIVE_ARCH = YES;
				SDKROOT = iphoneos;
				SWIFT_OPTIMIZATION_LEVEL = "-Onone";
			};
			name = Debug;
		};
		6B8A40E11A2C450400413BA5 /* Release */ = {
			isa = XCBuildConfiguration;
			buildSettings = {
				ALWAYS_SEARCH_USER_PATHS = NO;
				CLANG_CXX_LANGUAGE_STANDARD = "gnu++0x";
				CLANG_CXX_LIBRARY = "libc++";
				CLANG_ENABLE_MODULES = YES;
				CLANG_ENABLE_OBJC_ARC = YES;
				CLANG_WARN_BOOL_CONVERSION = YES;
				CLANG_WARN_CONSTANT_CONVERSION = YES;
				CLANG_WARN_DIRECT_OBJC_ISA_USAGE = YES_ERROR;
				CLANG_WARN_EMPTY_BODY = YES;
				CLANG_WARN_ENUM_CONVERSION = YES;
				CLANG_WARN_INT_CONVERSION = YES;
				CLANG_WARN_OBJC_ROOT_CLASS = YES_ERROR;
				CLANG_WARN_UNREACHABLE_CODE = YES;
				CLANG_WARN__DUPLICATE_METHOD_MATCH = YES;
				"CODE_SIGN_IDENTITY[sdk=iphoneos*]" = "iPhone Developer";
				COPY_PHASE_STRIP = YES;
				ENABLE_NS_ASSERTIONS = NO;
				ENABLE_STRICT_OBJC_MSGSEND = YES;
				GCC_C_LANGUAGE_STANDARD = gnu99;
				GCC_WARN_64_TO_32_BIT_CONVERSION = YES;
				GCC_WARN_ABOUT_RETURN_TYPE = YES_ERROR;
				GCC_WARN_UNDECLARED_SELECTOR = YES;
				GCC_WARN_UNINITIALIZED_AUTOS = YES_AGGRESSIVE;
				GCC_WARN_UNUSED_FUNCTION = YES;
				GCC_WARN_UNUSED_VARIABLE = YES;
				IPHONEOS_DEPLOYMENT_TARGET = 8.1;
				MTL_ENABLE_DEBUG_INFO = NO;
				SDKROOT = iphoneos;
				VALIDATE_PRODUCT = YES;
			};
			name = Release;
		};
		6B8A40E31A2C450400413BA5 /* Debug */ = {
			isa = XCBuildConfiguration;
			buildSettings = {
				ASSETCATALOG_COMPILER_APPICON_NAME = AppIcon;
				INFOPLIST_FILE = Owee/Info.plist;
				LD_RUNPATH_SEARCH_PATHS = "$(inherited) @executable_path/Frameworks";
				PRODUCT_NAME = "$(TARGET_NAME)";
			};
			name = Debug;
		};
		6B8A40E41A2C450400413BA5 /* Release */ = {
			isa = XCBuildConfiguration;
			buildSettings = {
				ASSETCATALOG_COMPILER_APPICON_NAME = AppIcon;
				INFOPLIST_FILE = Owee/Info.plist;
				LD_RUNPATH_SEARCH_PATHS = "$(inherited) @executable_path/Frameworks";
				PRODUCT_NAME = "$(TARGET_NAME)";
			};
			name = Release;
		};
		6B8A40E61A2C450400413BA5 /* Debug */ = {
			isa = XCBuildConfiguration;
			buildSettings = {
				BUNDLE_LOADER = "$(TEST_HOST)";
				FRAMEWORK_SEARCH_PATHS = (
					"$(SDKROOT)/Developer/Library/Frameworks",
					"$(inherited)",
				);
				GCC_PREPROCESSOR_DEFINITIONS = (
					"DEBUG=1",
					"$(inherited)",
				);
				INFOPLIST_FILE = OweeTests/Info.plist;
				LD_RUNPATH_SEARCH_PATHS = "$(inherited) @executable_path/Frameworks @loader_path/Frameworks";
				PRODUCT_NAME = "$(TARGET_NAME)";
				TEST_HOST = "$(BUILT_PRODUCTS_DIR)/Owee.app/Owee";
			};
			name = Debug;
		};
		6B8A40E71A2C450400413BA5 /* Release */ = {
			isa = XCBuildConfiguration;
			buildSettings = {
				BUNDLE_LOADER = "$(TEST_HOST)";
				FRAMEWORK_SEARCH_PATHS = (
					"$(SDKROOT)/Developer/Library/Frameworks",
					"$(inherited)",
				);
				INFOPLIST_FILE = OweeTests/Info.plist;
				LD_RUNPATH_SEARCH_PATHS = "$(inherited) @executable_path/Frameworks @loader_path/Frameworks";
				PRODUCT_NAME = "$(TARGET_NAME)";
				TEST_HOST = "$(BUILT_PRODUCTS_DIR)/Owee.app/Owee";
			};
			name = Release;
		};
/* End XCBuildConfiguration section */

/* Begin XCConfigurationList section */
		6B8A40BB1A2C450400413BA5 /* Build configuration list for PBXProject "Owee" */ = {
			isa = XCConfigurationList;
			buildConfigurations = (
				6B8A40E01A2C450400413BA5 /* Debug */,
				6B8A40E11A2C450400413BA5 /* Release */,
			);
			defaultConfigurationIsVisible = 0;
			defaultConfigurationName = Release;
		};
		6B8A40E21A2C450400413BA5 /* Build configuration list for PBXNativeTarget "Owee" */ = {
			isa = XCConfigurationList;
			buildConfigurations = (
				6B8A40E31A2C450400413BA5 /* Debug */,
				6B8A40E41A2C450400413BA5 /* Release */,
			);
			defaultConfigurationIsVisible = 0;
			defaultConfigurationName = Release;
		};
		6B8A40E51A2C450400413BA5 /* Build configuration list for PBXNativeTarget "OweeTests" */ = {
			isa = XCConfigurationList;
			buildConfigurations = (
				6B8A40E61A2C450400413BA5 /* Debug */,
				6B8A40E71A2C450400413BA5 /* Release */,
			);
			defaultConfigurationIsVisible = 0;
			defaultConfigurationName = Release;
		};
/* End XCConfigurationList section */

/* Begin XCVersionGroup section */
		6B8A40C71A2C450400413BA5 /* Owee.xcdatamodeld */ = {
			isa = XCVersionGroup;
			children = (
				6B8A40C81A2C450400413BA5 /* Owee.xcdatamodel */,
			);
			currentVersion = 6B8A40C81A2C450400413BA5 /* Owee.xcdatamodel */;
			path = Owee.xcdatamodeld;
			sourceTree = "<group>";
			versionGroupType = wrapper.xcdatamodel;
		};
/* End XCVersionGroup section */
	};
	rootObject = 6B8A40B81A2C450400413BA5 /* Project object */;
}
